
Microsoft Visual Studio Solution File, Format Version 12.00
# Visual Studio Version 17
VisualStudioVersion = 17.6.33723.286
MinimumVisualStudioVersion = 10.0.40219.1
Project("{FAE04EC0-301F-11D3-BF4B-00C04F79EFBC}") = "api-projeto-final", "api-projeto-final.csproj", "{9C682335-51EC-4019-A7D9-A760445E1520}"
EndProject
Global
	GlobalSection(SolutionConfigurationPlatforms) = preSolution
		Debug|Any CPU = Debug|Any CPU
		Release|Any CPU = Release|Any CPU
	EndGlobalSection
	GlobalSection(ProjectConfigurationPlatforms) = postSolution
		{9C682335-51EC-4019-A7D9-A760445E1520}.Debug|Any CPU.ActiveCfg = Debug|Any CPU
		{9C682335-51EC-4019-A7D9-A760445E1520}.Debug|Any CPU.Build.0 = Debug|Any CPU
		{9C682335-51EC-4019-A7D9-A760445E1520}.Release|Any CPU.ActiveCfg = Release|Any CPU
		{9C682335-51EC-4019-A7D9-A760445E1520}.Release|Any CPU.Build.0 = Release|Any CPU
	EndGlobalSection
	GlobalSection(SolutionProperties) = preSolution
		HideSolutionNode = FALSE
	EndGlobalSection
	GlobalSection(ExtensibilityGlobals) = postSolution
		SolutionGuid = {C8DCF1F5-A870-4E07-9B91-2A19C6959477}
	EndGlobalSection
EndGlobal
